// !$*UTF8*$!
{
	archiveVersion = 1;
	classes = {
	};
	objectVersion = 56;
	objects = {

/* Begin PBXBuildFile section */
		A53741622BED3ED700FB81B3 /* BugBuddyApp.swift in Sources */ = {isa = PBXBuildFile; fileRef = A53741612BED3ED700FB81B3 /* BugBuddyApp.swift */; };
		A53741642BED3ED700FB81B3 /* ContentView.swift in Sources */ = {isa = PBXBuildFile; fileRef = A53741632BED3ED700FB81B3 /* ContentView.swift */; };
		A53741662BED3ED800FB81B3 /* Assets.xcassets in Resources */ = {isa = PBXBuildFile; fileRef = A53741652BED3ED800FB81B3 /* Assets.xcassets */; };
		A53741692BED3ED800FB81B3 /* Preview Assets.xcassets in Resources */ = {isa = PBXBuildFile; fileRef = A53741682BED3ED800FB81B3 /* Preview Assets.xcassets */; };
		A5BEE8E92BF656660043C19E /* AccountDetailView.swift in Sources */ = {isa = PBXBuildFile; fileRef = A5BEE8E82BF656660043C19E /* AccountDetailView.swift */; };
		A5BEE8EB2BF6572E0043C19E /* AddNewAccountView.swift in Sources */ = {isa = PBXBuildFile; fileRef = A5BEE8EA2BF6572E0043C19E /* AddNewAccountView.swift */; };
		A5BEE8ED2BF68B580043C19E /* AccountListView.swift in Sources */ = {isa = PBXBuildFile; fileRef = A5BEE8EC2BF68B580043C19E /* AccountListView.swift */; };
		A5EF6FCF2BF2610E0014F79E /* UploadView.swift in Sources */ = {isa = PBXBuildFile; fileRef = A5EF6FCE2BF2610E0014F79E /* UploadView.swift */; };
		A5EF6FD22BF3A0BC0014F79E /* SidebarView.swift in Sources */ = {isa = PBXBuildFile; fileRef = A5EF6FD12BF3A0BC0014F79E /* SidebarView.swift */; };
		A5EF6FD52BF460900014F79E /* NavigationModel.swift in Sources */ = {isa = PBXBuildFile; fileRef = A5EF6FD42BF460900014F79E /* NavigationModel.swift */; };
		A5EF6FD72BF470700014F79E /* AccountModel.swift in Sources */ = {isa = PBXBuildFile; fileRef = A5EF6FD62BF470700014F79E /* AccountModel.swift */; };
		A5EF6FD92BF473850014F79E /* DetailView.swift in Sources */ = {isa = PBXBuildFile; fileRef = A5EF6FD82BF473850014F79E /* DetailView.swift */; };
		A5EF6FDB2BF4F3930014F79E /* SettingsView.swift in Sources */ = {isa = PBXBuildFile; fileRef = A5EF6FDA2BF4F3930014F79E /* SettingsView.swift */; };
/* End PBXBuildFile section */

/* Begin PBXFileReference section */
		A537415E2BED3ED700FB81B3 /* BugBuddy.app */ = {isa = PBXFileReference; explicitFileType = wrapper.application; includeInIndex = 0; path = BugBuddy.app; sourceTree = BUILT_PRODUCTS_DIR; };
		A53741612BED3ED700FB81B3 /* BugBuddyApp.swift */ = {isa = PBXFileReference; lastKnownFileType = sourcecode.swift; path = BugBuddyApp.swift; sourceTree = "<group>"; };
		A53741632BED3ED700FB81B3 /* ContentView.swift */ = {isa = PBXFileReference; lastKnownFileType = sourcecode.swift; path = ContentView.swift; sourceTree = "<group>"; };
		A53741652BED3ED800FB81B3 /* Assets.xcassets */ = {isa = PBXFileReference; lastKnownFileType = folder.assetcatalog; path = Assets.xcassets; sourceTree = "<group>"; };
		A53741682BED3ED800FB81B3 /* Preview Assets.xcassets */ = {isa = PBXFileReference; lastKnownFileType = folder.assetcatalog; path = "Preview Assets.xcassets"; sourceTree = "<group>"; };
		A537416A2BED3ED800FB81B3 /* BugBuddy.entitlements */ = {isa = PBXFileReference; lastKnownFileType = text.plist.entitlements; path = BugBuddy.entitlements; sourceTree = "<group>"; };
		A5BEE8E82BF656660043C19E /* AccountDetailView.swift */ = {isa = PBXFileReference; lastKnownFileType = sourcecode.swift; name = AccountDetailView.swift; path = BugBuddy/Views/AccountDetailView.swift; sourceTree = "<group>"; };
		A5BEE8EA2BF6572E0043C19E /* AddNewAccountView.swift */ = {isa = PBXFileReference; lastKnownFileType = sourcecode.swift; name = AddNewAccountView.swift; path = BugBuddy/Views/AddNewAccountView.swift; sourceTree = "<group>"; };
		A5BEE8EC2BF68B580043C19E /* AccountListView.swift */ = {isa = PBXFileReference; lastKnownFileType = sourcecode.swift; name = AccountListView.swift; path = BugBuddy/Views/AccountListView.swift; sourceTree = "<group>"; };
		A5EF6FCE2BF2610E0014F79E /* UploadView.swift */ = {isa = PBXFileReference; lastKnownFileType = sourcecode.swift; path = UploadView.swift; sourceTree = "<group>"; };
		A5EF6FD12BF3A0BC0014F79E /* SidebarView.swift */ = {isa = PBXFileReference; lastKnownFileType = sourcecode.swift; path = SidebarView.swift; sourceTree = "<group>"; };
		A5EF6FD42BF460900014F79E /* NavigationModel.swift */ = {isa = PBXFileReference; lastKnownFileType = sourcecode.swift; path = NavigationModel.swift; sourceTree = "<group>"; };
		A5EF6FD62BF470700014F79E /* AccountModel.swift */ = {isa = PBXFileReference; lastKnownFileType = sourcecode.swift; path = AccountModel.swift; sourceTree = "<group>"; };
		A5EF6FD82BF473850014F79E /* DetailView.swift */ = {isa = PBXFileReference; lastKnownFileType = sourcecode.swift; path = DetailView.swift; sourceTree = "<group>"; };
		A5EF6FDA2BF4F3930014F79E /* SettingsView.swift */ = {isa = PBXFileReference; lastKnownFileType = sourcecode.swift; name = SettingsView.swift; path = BugBuddy/Views/SettingsView.swift; sourceTree = "<group>"; };
/* End PBXFileReference section */

/* Begin PBXFrameworksBuildPhase section */
		A537415B2BED3ED700FB81B3 /* Frameworks */ = {
			isa = PBXFrameworksBuildPhase;
			buildActionMask = 2147483647;
			files = (
			);
			runOnlyForDeploymentPostprocessing = 0;
		};
/* End PBXFrameworksBuildPhase section */

/* Begin PBXGroup section */
		A53741552BED3ED700FB81B3 = {
			isa = PBXGroup;
			children = (
				A5BEE8EC2BF68B580043C19E /* AccountListView.swift */,
				A5BEE8EA2BF6572E0043C19E /* AddNewAccountView.swift */,
				A5BEE8E82BF656660043C19E /* AccountDetailView.swift */,
				A5EF6FDA2BF4F3930014F79E /* SettingsView.swift */,
				A53741602BED3ED700FB81B3 /* BugBuddy */,
				A537415F2BED3ED700FB81B3 /* Products */,
			);
			sourceTree = "<group>";
		};
		A537415F2BED3ED700FB81B3 /* Products */ = {
			isa = PBXGroup;
			children = (
				A537415E2BED3ED700FB81B3 /* BugBuddy.app */,
			);
			name = Products;
			sourceTree = "<group>";
		};
		A53741602BED3ED700FB81B3 /* BugBuddy */ = {
			isa = PBXGroup;
			children = (
				A5EF6FD32BF460820014F79E /* Models */,
				A53741612BED3ED700FB81B3 /* BugBuddyApp.swift */,
				A5EF6FD02BF261140014F79E /* Views */,
				A53741652BED3ED800FB81B3 /* Assets.xcassets */,
				A537416A2BED3ED800FB81B3 /* BugBuddy.entitlements */,
				A53741672BED3ED800FB81B3 /* Preview Content */,
			);
			path = BugBuddy;
			sourceTree = "<group>";
		};
		A53741672BED3ED800FB81B3 /* Preview Content */ = {
			isa = PBXGroup;
			children = (
				A53741682BED3ED800FB81B3 /* Preview Assets.xcassets */,
			);
			path = "Preview Content";
			sourceTree = "<group>";
		};
		A5EF6FD02BF261140014F79E /* Views */ = {
			isa = PBXGroup;
			children = (
				A53741632BED3ED700FB81B3 /* ContentView.swift */,
				A5EF6FCE2BF2610E0014F79E /* UploadView.swift */,
				A5EF6FD12BF3A0BC0014F79E /* SidebarView.swift */,
				A5EF6FD82BF473850014F79E /* DetailView.swift */,
			);
			path = Views;
			sourceTree = "<group>";
		};
		A5EF6FD32BF460820014F79E /* Models */ = {
			isa = PBXGroup;
			children = (
				A5EF6FD42BF460900014F79E /* NavigationModel.swift */,
				A5EF6FD62BF470700014F79E /* AccountModel.swift */,
			);
			path = Models;
			sourceTree = "<group>";
		};
/* End PBXGroup section */

/* Begin PBXNativeTarget section */
		A537415D2BED3ED700FB81B3 /* BugBuddy */ = {
			isa = PBXNativeTarget;
			buildConfigurationList = A537416D2BED3ED800FB81B3 /* Build configuration list for PBXNativeTarget "BugBuddy" */;
			buildPhases = (
				A537415A2BED3ED700FB81B3 /* Sources */,
				A537415B2BED3ED700FB81B3 /* Frameworks */,
				A537415C2BED3ED700FB81B3 /* Resources */,
			);
			buildRules = (
			);
			dependencies = (
			);
			name = BugBuddy;
			productName = BugsnagUploader;
			productReference = A537415E2BED3ED700FB81B3 /* BugBuddy.app */;
			productType = "com.apple.product-type.application";
		};
/* End PBXNativeTarget section */

/* Begin PBXProject section */
		A53741562BED3ED700FB81B3 /* Project object */ = {
			isa = PBXProject;
			attributes = {
				BuildIndependentTargetsInParallel = 1;
				LastSwiftUpdateCheck = 1530;
				LastUpgradeCheck = 1530;
				TargetAttributes = {
					A537415D2BED3ED700FB81B3 = {
						CreatedOnToolsVersion = 15.3;
					};
				};
			};
			buildConfigurationList = A53741592BED3ED700FB81B3 /* Build configuration list for PBXProject "BugBuddy" */;
			compatibilityVersion = "Xcode 14.0";
			developmentRegion = en;
			hasScannedForEncodings = 0;
			knownRegions = (
				en,
				Base,
			);
			mainGroup = A53741552BED3ED700FB81B3;
			productRefGroup = A537415F2BED3ED700FB81B3 /* Products */;
			projectDirPath = "";
			projectRoot = "";
			targets = (
				A537415D2BED3ED700FB81B3 /* BugBuddy */,
			);
		};
/* End PBXProject section */

/* Begin PBXResourcesBuildPhase section */
		A537415C2BED3ED700FB81B3 /* Resources */ = {
			isa = PBXResourcesBuildPhase;
			buildActionMask = 2147483647;
			files = (
				A53741692BED3ED800FB81B3 /* Preview Assets.xcassets in Resources */,
				A53741662BED3ED800FB81B3 /* Assets.xcassets in Resources */,
			);
			runOnlyForDeploymentPostprocessing = 0;
		};
/* End PBXResourcesBuildPhase section */

/* Begin PBXSourcesBuildPhase section */
		A537415A2BED3ED700FB81B3 /* Sources */ = {
			isa = PBXSourcesBuildPhase;
			buildActionMask = 2147483647;
			files = (
				A5BEE8ED2BF68B580043C19E /* AccountListView.swift in Sources */,
				A5EF6FCF2BF2610E0014F79E /* UploadView.swift in Sources */,
				A5EF6FDB2BF4F3930014F79E /* SettingsView.swift in Sources */,
				A5BEE8EB2BF6572E0043C19E /* AddNewAccountView.swift in Sources */,
				A5EF6FD72BF470700014F79E /* AccountModel.swift in Sources */,
				A5EF6FD22BF3A0BC0014F79E /* SidebarView.swift in Sources */,
				A5EF6FD92BF473850014F79E /* DetailView.swift in Sources */,
				A5EF6FD52BF460900014F79E /* NavigationModel.swift in Sources */,
				A5BEE8E92BF656660043C19E /* AccountDetailView.swift in Sources */,
				A53741642BED3ED700FB81B3 /* ContentView.swift in Sources */,
				A53741622BED3ED700FB81B3 /* BugBuddyApp.swift in Sources */,
			);
			runOnlyForDeploymentPostprocessing = 0;
		};
/* End PBXSourcesBuildPhase section */

/* Begin XCBuildConfiguration section */
		A537416B2BED3ED800FB81B3 /* Debug */ = {
			isa = XCBuildConfiguration;
			buildSettings = {
				ALWAYS_SEARCH_USER_PATHS = NO;
				ASSETCATALOG_COMPILER_GENERATE_SWIFT_ASSET_SYMBOL_EXTENSIONS = YES;
				CLANG_ANALYZER_NONNULL = YES;
				CLANG_ANALYZER_NUMBER_OBJECT_CONVERSION = YES_AGGRESSIVE;
				CLANG_CXX_LANGUAGE_STANDARD = "gnu++20";
				CLANG_ENABLE_MODULES = YES;
				CLANG_ENABLE_OBJC_ARC = YES;
				CLANG_ENABLE_OBJC_WEAK = YES;
				CLANG_WARN_BLOCK_CAPTURE_AUTORELEASING = YES;
				CLANG_WARN_BOOL_CONVERSION = YES;
				CLANG_WARN_COMMA = YES;
				CLANG_WARN_CONSTANT_CONVERSION = YES;
				CLANG_WARN_DEPRECATED_OBJC_IMPLEMENTATIONS = YES;
				CLANG_WARN_DIRECT_OBJC_ISA_USAGE = YES_ERROR;
				CLANG_WARN_DOCUMENTATION_COMMENTS = YES;
				CLANG_WARN_EMPTY_BODY = YES;
				CLANG_WARN_ENUM_CONVERSION = YES;
				CLANG_WARN_INFINITE_RECURSION = YES;
				CLANG_WARN_INT_CONVERSION = YES;
				CLANG_WARN_NON_LITERAL_NULL_CONVERSION = YES;
				CLANG_WARN_OBJC_IMPLICIT_RETAIN_SELF = YES;
				CLANG_WARN_OBJC_LITERAL_CONVERSION = YES;
				CLANG_WARN_OBJC_ROOT_CLASS = YES_ERROR;
				CLANG_WARN_QUOTED_INCLUDE_IN_FRAMEWORK_HEADER = YES;
				CLANG_WARN_RANGE_LOOP_ANALYSIS = YES;
				CLANG_WARN_STRICT_PROTOTYPES = YES;
				CLANG_WARN_SUSPICIOUS_MOVE = YES;
				CLANG_WARN_UNGUARDED_AVAILABILITY = YES_AGGRESSIVE;
				CLANG_WARN_UNREACHABLE_CODE = YES;
				CLANG_WARN__DUPLICATE_METHOD_MATCH = YES;
				COPY_PHASE_STRIP = NO;
				DEBUG_INFORMATION_FORMAT = dwarf;
				ENABLE_STRICT_OBJC_MSGSEND = YES;
				ENABLE_TESTABILITY = YES;
				ENABLE_USER_SCRIPT_SANDBOXING = YES;
				GCC_C_LANGUAGE_STANDARD = gnu17;
				GCC_DYNAMIC_NO_PIC = NO;
				GCC_NO_COMMON_BLOCKS = YES;
				GCC_OPTIMIZATION_LEVEL = 0;
				GCC_PREPROCESSOR_DEFINITIONS = (
					"DEBUG=1",
					"$(inherited)",
				);
				GCC_WARN_64_TO_32_BIT_CONVERSION = YES;
				GCC_WARN_ABOUT_RETURN_TYPE = YES_ERROR;
				GCC_WARN_UNDECLARED_SELECTOR = YES;
				GCC_WARN_UNINITIALIZED_AUTOS = YES_AGGRESSIVE;
				GCC_WARN_UNUSED_FUNCTION = YES;
				GCC_WARN_UNUSED_VARIABLE = YES;
				LOCALIZATION_PREFERS_STRING_CATALOGS = YES;
				MACOSX_DEPLOYMENT_TARGET = 14.4;
				MTL_ENABLE_DEBUG_INFO = INCLUDE_SOURCE;
				MTL_FAST_MATH = YES;
				ONLY_ACTIVE_ARCH = YES;
				SDKROOT = macosx;
				SWIFT_ACTIVE_COMPILATION_CONDITIONS = "DEBUG $(inherited)";
				SWIFT_OPTIMIZATION_LEVEL = "-Onone";
			};
			name = Debug;
		};
		A537416C2BED3ED800FB81B3 /* Release */ = {
			isa = XCBuildConfiguration;
			buildSettings = {
				ALWAYS_SEARCH_USER_PATHS = NO;
				ASSETCATALOG_COMPILER_GENERATE_SWIFT_ASSET_SYMBOL_EXTENSIONS = YES;
				CLANG_ANALYZER_NONNULL = YES;
				CLANG_ANALYZER_NUMBER_OBJECT_CONVERSION = YES_AGGRESSIVE;
				CLANG_CXX_LANGUAGE_STANDARD = "gnu++20";
				CLANG_ENABLE_MODULES = YES;
				CLANG_ENABLE_OBJC_ARC = YES;
				CLANG_ENABLE_OBJC_WEAK = YES;
				CLANG_WARN_BLOCK_CAPTURE_AUTORELEASING = YES;
				CLANG_WARN_BOOL_CONVERSION = YES;
				CLANG_WARN_COMMA = YES;
				CLANG_WARN_CONSTANT_CONVERSION = YES;
				CLANG_WARN_DEPRECATED_OBJC_IMPLEMENTATIONS = YES;
				CLANG_WARN_DIRECT_OBJC_ISA_USAGE = YES_ERROR;
				CLANG_WARN_DOCUMENTATION_COMMENTS = YES;
				CLANG_WARN_EMPTY_BODY = YES;
				CLANG_WARN_ENUM_CONVERSION = YES;
				CLANG_WARN_INFINITE_RECURSION = YES;
				CLANG_WARN_INT_CONVERSION = YES;
				CLANG_WARN_NON_LITERAL_NULL_CONVERSION = YES;
				CLANG_WARN_OBJC_IMPLICIT_RETAIN_SELF = YES;
				CLANG_WARN_OBJC_LITERAL_CONVERSION = YES;
				CLANG_WARN_OBJC_ROOT_CLASS = YES_ERROR;
				CLANG_WARN_QUOTED_INCLUDE_IN_FRAMEWORK_HEADER = YES;
				CLANG_WARN_RANGE_LOOP_ANALYSIS = YES;
				CLANG_WARN_STRICT_PROTOTYPES = YES;
				CLANG_WARN_SUSPICIOUS_MOVE = YES;
				CLANG_WARN_UNGUARDED_AVAILABILITY = YES_AGGRESSIVE;
				CLANG_WARN_UNREACHABLE_CODE = YES;
				CLANG_WARN__DUPLICATE_METHOD_MATCH = YES;
				COPY_PHASE_STRIP = NO;
				DEBUG_INFORMATION_FORMAT = "dwarf-with-dsym";
				ENABLE_NS_ASSERTIONS = NO;
				ENABLE_STRICT_OBJC_MSGSEND = YES;
				ENABLE_USER_SCRIPT_SANDBOXING = YES;
				GCC_C_LANGUAGE_STANDARD = gnu17;
				GCC_NO_COMMON_BLOCKS = YES;
				GCC_WARN_64_TO_32_BIT_CONVERSION = YES;
				GCC_WARN_ABOUT_RETURN_TYPE = YES_ERROR;
				GCC_WARN_UNDECLARED_SELECTOR = YES;
				GCC_WARN_UNINITIALIZED_AUTOS = YES_AGGRESSIVE;
				GCC_WARN_UNUSED_FUNCTION = YES;
				GCC_WARN_UNUSED_VARIABLE = YES;
				LOCALIZATION_PREFERS_STRING_CATALOGS = YES;
				MACOSX_DEPLOYMENT_TARGET = 14.4;
				MTL_ENABLE_DEBUG_INFO = NO;
				MTL_FAST_MATH = YES;
				SDKROOT = macosx;
				SWIFT_COMPILATION_MODE = wholemodule;
			};
			name = Release;
		};
		A537416E2BED3ED800FB81B3 /* Debug */ = {
			isa = XCBuildConfiguration;
			buildSettings = {
				ASSETCATALOG_COMPILER_APPICON_NAME = AppIcon;
				ASSETCATALOG_COMPILER_GLOBAL_ACCENT_COLOR_NAME = AccentColor;
				CODE_SIGN_ENTITLEMENTS = BugBuddy/BugBuddy.entitlements;
				CODE_SIGN_IDENTITY = "Apple Development";
				"CODE_SIGN_IDENTITY[sdk=macosx*]" = "Apple Development";
				CODE_SIGN_STYLE = Automatic;
				COMBINE_HIDPI_IMAGES = YES;
				CURRENT_PROJECT_VERSION = 1;
				DEVELOPMENT_ASSET_PATHS = "\"BugBuddy/Preview Content\"";
				DEVELOPMENT_TEAM = F49V64PGFU;
				ENABLE_HARDENED_RUNTIME = YES;
				ENABLE_PREVIEWS = YES;
				GENERATE_INFOPLIST_FILE = YES;
				INFOPLIST_KEY_NSHumanReadableCopyright = "";
				LD_RUNPATH_SEARCH_PATHS = (
					"$(inherited)",
					"@executable_path/../Frameworks",
				);
				MARKETING_VERSION = 1.0;
				PRODUCT_BUNDLE_IDENTIFIER = com.justinnipper.BugBuddy;
				PRODUCT_NAME = "$(TARGET_NAME)";
				PROVISIONING_PROFILE_SPECIFIER = "";
				SWIFT_EMIT_LOC_STRINGS = YES;
				SWIFT_VERSION = 5.0;
			};
			name = Debug;
		};
		A537416F2BED3ED800FB81B3 /* Release */ = {
			isa = XCBuildConfiguration;
			buildSettings = {
				ASSETCATALOG_COMPILER_APPICON_NAME = AppIcon;
				ASSETCATALOG_COMPILER_GLOBAL_ACCENT_COLOR_NAME = AccentColor;
				CODE_SIGN_ENTITLEMENTS = BugBuddy/BugBuddy.entitlements;
				CODE_SIGN_IDENTITY = "Apple Development";
				"CODE_SIGN_IDENTITY[sdk=macosx*]" = "Apple Development";
				CODE_SIGN_STYLE = Automatic;
				COMBINE_HIDPI_IMAGES = YES;
				CURRENT_PROJECT_VERSION = 1;
				DEVELOPMENT_ASSET_PATHS = "\"BugBuddy/Preview Content\"";
				DEVELOPMENT_TEAM = F49V64PGFU;
				ENABLE_HARDENED_RUNTIME = YES;
				ENABLE_PREVIEWS = YES;
				GENERATE_INFOPLIST_FILE = YES;
				INFOPLIST_KEY_NSHumanReadableCopyright = "";
				LD_RUNPATH_SEARCH_PATHS = (
					"$(inherited)",
					"@executable_path/../Frameworks",
				);
				MARKETING_VERSION = 1.0;
				PRODUCT_BUNDLE_IDENTIFIER = com.justinnipper.BugBuddy;
				PRODUCT_NAME = "$(TARGET_NAME)";
				PROVISIONING_PROFILE_SPECIFIER = "";
				SWIFT_EMIT_LOC_STRINGS = YES;
				SWIFT_VERSION = 5.0;
			};
			name = Release;
		};
/* End XCBuildConfiguration section */

/* Begin XCConfigurationList section */
		A53741592BED3ED700FB81B3 /* Build configuration list for PBXProject "BugBuddy" */ = {
			isa = XCConfigurationList;
			buildConfigurations = (
				A537416B2BED3ED800FB81B3 /* Debug */,
				A537416C2BED3ED800FB81B3 /* Release */,
			);
			defaultConfigurationIsVisible = 0;
			defaultConfigurationName = Release;
		};
		A537416D2BED3ED800FB81B3 /* Build configuration list for PBXNativeTarget "BugBuddy" */ = {
			isa = XCConfigurationList;
			buildConfigurations = (
				A537416E2BED3ED800FB81B3 /* Debug */,
				A537416F2BED3ED800FB81B3 /* Release */,
			);
			defaultConfigurationIsVisible = 0;
			defaultConfigurationName = Release;
		};
/* End XCConfigurationList section */
	};
	rootObject = A53741562BED3ED700FB81B3 /* Project object */;
}
